
Microsoft Visual Studio Solution File, Format Version 12.00
# Visual Studio Version 17
VisualStudioVersion = 17.10.35027.167
MinimumVisualStudioVersion = 10.0.40219.1
Project("{9A19103F-16F7-4668-BE54-9A1E7A4F7556}") = "MoneyTransfer.Entities", "MoneyTransfer.Entities\MoneyTransfer.Entities.csproj", "{0217150C-4AB5-4D85-AE93-D6859384389C}"
EndProject
Project("{9A19103F-16F7-4668-BE54-9A1E7A4F7556}") = "MoneyTransfer.DataAccess", "MoneyTransfer.DataAccess\MoneyTransfer.DataAccess.csproj", "{1426AA2E-804A-4A8E-AE96-455369F2063E}"
EndProject
Project("{9A19103F-16F7-4668-BE54-9A1E7A4F7556}") = "MoneyTransfer.Business", "MoneyTransfer.Business\MoneyTransfer.Business.csproj", "{E58DE8D0-821D-4956-9797-972399F24E6B}"
EndProject
Project("{9A19103F-16F7-4668-BE54-9A1E7A4F7556}") = "MoneyTransfer.API", "MoneyTransfer.API\MoneyTransfer.API.csproj", "{E503E992-5FC3-40F9-9189-E817006B5D07}"
EndProject
Project("{FAE04EC0-301F-11D3-BF4B-00C04F79EFBC}") = "MoneyTransfer.UI", "MoneyTransfer.UI\MoneyTransfer.UI.csproj", "{0EE48F56-B125-4242-A953-64AC616BAA86}"
EndProject
Global
	GlobalSection(SolutionConfigurationPlatforms) = preSolution
		Debug|Any CPU = Debug|Any CPU
		Release|Any CPU = Release|Any CPU
	EndGlobalSection
	GlobalSection(ProjectConfigurationPlatforms) = postSolution
		{0217150C-4AB5-4D85-AE93-D6859384389C}.Debug|Any CPU.ActiveCfg = Debug|Any CPU
		{0217150C-4AB5-4D85-AE93-D6859384389C}.Debug|Any CPU.Build.0 = Debug|Any CPU
		{0217150C-4AB5-4D85-AE93-D6859384389C}.Release|Any CPU.ActiveCfg = Release|Any CPU
		{0217150C-4AB5-4D85-AE93-D6859384389C}.Release|Any CPU.Build.0 = Release|Any CPU
		{1426AA2E-804A-4A8E-AE96-455369F2063E}.Debug|Any CPU.ActiveCfg = Debug|Any CPU
		{1426AA2E-804A-4A8E-AE96-455369F2063E}.Debug|Any CPU.Build.0 = Debug|Any CPU
		{1426AA2E-804A-4A8E-AE96-455369F2063E}.Release|Any CPU.ActiveCfg = Release|Any CPU
		{1426AA2E-804A-4A8E-AE96-455369F2063E}.Release|Any CPU.Build.0 = Release|Any CPU
		{E58DE8D0-821D-4956-9797-972399F24E6B}.Debug|Any CPU.ActiveCfg = Debug|Any CPU
		{E58DE8D0-821D-4956-9797-972399F24E6B}.Debug|Any CPU.Build.0 = Debug|Any CPU
		{E58DE8D0-821D-4956-9797-972399F24E6B}.Release|Any CPU.ActiveCfg = Release|Any CPU
		{E58DE8D0-821D-4956-9797-972399F24E6B}.Release|Any CPU.Build.0 = Release|Any CPU
		{E503E992-5FC3-40F9-9189-E817006B5D07}.Debug|Any CPU.ActiveCfg = Debug|Any CPU
		{E503E992-5FC3-40F9-9189-E817006B5D07}.Debug|Any CPU.Build.0 = Debug|Any CPU
		{E503E992-5FC3-40F9-9189-E817006B5D07}.Release|Any CPU.ActiveCfg = Release|Any CPU
		{E503E992-5FC3-40F9-9189-E817006B5D07}.Release|Any CPU.Build.0 = Release|Any CPU
		{0EE48F56-B125-4242-A953-64AC616BAA86}.Debug|Any CPU.ActiveCfg = Debug|Any CPU
		{0EE48F56-B125-4242-A953-64AC616BAA86}.Debug|Any CPU.Build.0 = Debug|Any CPU
		{0EE48F56-B125-4242-A953-64AC616BAA86}.Release|Any CPU.ActiveCfg = Release|Any CPU
		{0EE48F56-B125-4242-A953-64AC616BAA86}.Release|Any CPU.Build.0 = Release|Any CPU
	EndGlobalSection
	GlobalSection(SolutionProperties) = preSolution
		HideSolutionNode = FALSE
	EndGlobalSection
	GlobalSection(ExtensibilityGlobals) = postSolution
		SolutionGuid = {76E9B8ED-17B8-43F0-B932-5DA4921FB33A}
	EndGlobalSection
EndGlobal
